// !$*UTF8*$!
{
	archiveVersion = 1;
	classes = {
	};
	objectVersion = 56;
	objects = {

/* Begin PBXBuildFile section */
		837C4B35BF28072B099A5CD9 /* Pods_session_ui.framework in Frameworks */ = {isa = PBXBuildFile; fileRef = 739240EF3B6EFE3503780BC0 /* Pods_session_ui.framework */; };
		A78409C92BE40BB0009FA73A /* NewDirectMessagesConversation.swift in Sources */ = {isa = PBXBuildFile; fileRef = A78409C82BE40BB0009FA73A /* NewDirectMessagesConversation.swift */; };
		A78409CC2BE40D86009FA73A /* SettingsDisplayName.swift in Sources */ = {isa = PBXBuildFile; fileRef = A78409CB2BE40D86009FA73A /* SettingsDisplayName.swift */; };
		A7B226012BE3ED1700A1CF45 /* SessionMessengerApp.swift in Sources */ = {isa = PBXBuildFile; fileRef = A7B225E22BE3ECE800A1CF45 /* SessionMessengerApp.swift */; };
		A7B226022BE3EDD300A1CF45 /* AESSecurity.swift in Sources */ = {isa = PBXBuildFile; fileRef = A7B225E52BE3ECE800A1CF45 /* AESSecurity.swift */; };
		A7B226032BE3EDD300A1CF45 /* Data.swift in Sources */ = {isa = PBXBuildFile; fileRef = A7B225E72BE3ECE800A1CF45 /* Data.swift */; };
		A7B226042BE3EDD300A1CF45 /* Errors.swift in Sources */ = {isa = PBXBuildFile; fileRef = A7B225E82BE3ECE800A1CF45 /* Errors.swift */; };
		A7B226052BE3EDD300A1CF45 /* Color.swift in Sources */ = {isa = PBXBuildFile; fileRef = A7B225E92BE3ECE800A1CF45 /* Color.swift */; };
		A7B226062BE3EDD300A1CF45 /* QRCodes.swift in Sources */ = {isa = PBXBuildFile; fileRef = A7B225EA2BE3ECE800A1CF45 /* QRCodes.swift */; };
		A7B226072BE3EDD300A1CF45 /* Constants.swift in Sources */ = {isa = PBXBuildFile; fileRef = A7B225EC2BE3ECE800A1CF45 /* Constants.swift */; };
		A7B226082BE3EDD300A1CF45 /* StartLoginFlow.swift in Sources */ = {isa = PBXBuildFile; fileRef = A7B225ED2BE3ECE800A1CF45 /* StartLoginFlow.swift */; };
		A7B226092BE3EDD300A1CF45 /* CheckLoginFlow.swift in Sources */ = {isa = PBXBuildFile; fileRef = A7B225EE2BE3ECE800A1CF45 /* CheckLoginFlow.swift */; };
		A7B2260A2BE3EDD300A1CF45 /* ConversationMessage.swift in Sources */ = {isa = PBXBuildFile; fileRef = A7B225F02BE3ECE800A1CF45 /* ConversationMessage.swift */; };
		A7B2260B2BE3EDD300A1CF45 /* MessageInput.swift in Sources */ = {isa = PBXBuildFile; fileRef = A7B225F12BE3ECE800A1CF45 /* MessageInput.swift */; };
		A7B2260C2BE3EDD300A1CF45 /* SessionLogo.swift in Sources */ = {isa = PBXBuildFile; fileRef = A7B225F32BE3ECE800A1CF45 /* SessionLogo.swift */; };
		A7B2260D2BE3EDD300A1CF45 /* HomeScreen.swift in Sources */ = {isa = PBXBuildFile; fileRef = A7B225F62BE3ECE800A1CF45 /* HomeScreen.swift */; };
		A7B2260E2BE3EDD300A1CF45 /* ConversationScreen.swift in Sources */ = {isa = PBXBuildFile; fileRef = A7B225F72BE3ECE800A1CF45 /* ConversationScreen.swift */; };
		A7B2260F2BE3EDD300A1CF45 /* SignupScreen.swift in Sources */ = {isa = PBXBuildFile; fileRef = A7B225F92BE3ECE800A1CF45 /* SignupScreen.swift */; };
		A7B226102BE3EDD300A1CF45 /* SigninScreenModel.swift in Sources */ = {isa = PBXBuildFile; fileRef = A7B225FA2BE3ECE800A1CF45 /* SigninScreenModel.swift */; };
		A7B226112BE3EDD300A1CF45 /* SigninScreen.swift in Sources */ = {isa = PBXBuildFile; fileRef = A7B225FB2BE3ECE800A1CF45 /* SigninScreen.swift */; };
		A7B226122BE3EDD300A1CF45 /* LoginScreen.swift in Sources */ = {isa = PBXBuildFile; fileRef = A7B225FC2BE3ECE800A1CF45 /* LoginScreen.swift */; };
		A7B226132BE3EDD300A1CF45 /* ContentView.swift in Sources */ = {isa = PBXBuildFile; fileRef = A7B225FD2BE3ECE800A1CF45 /* ContentView.swift */; };
		A7B226152BE3F7BC00A1CF45 /* SettingsView.swift in Sources */ = {isa = PBXBuildFile; fileRef = A7B226142BE3F7BC00A1CF45 /* SettingsView.swift */; };
		A7B226182BE3F8AE00A1CF45 /* Localizable.xcstrings in Resources */ = {isa = PBXBuildFile; fileRef = A7B226172BE3F8AE00A1CF45 /* Localizable.xcstrings */; };
		A7B2261A2BE3FBFC00A1CF45 /* NewConversationScreen.swift in Sources */ = {isa = PBXBuildFile; fileRef = A7B226192BE3FBFC00A1CF45 /* NewConversationScreen.swift */; };
		A7B2261B2BE401BD00A1CF45 /* Assets.xcassets in Resources */ = {isa = PBXBuildFile; fileRef = A7B225E32BE3ECE800A1CF45 /* Assets.xcassets */; };
/* End PBXBuildFile section */

/* Begin PBXFileReference section */
		526BAF0B6695DD09CAE8DF8F /* Pods-session-ui.release.xcconfig */ = {isa = PBXFileReference; includeInIndex = 1; lastKnownFileType = text.xcconfig; name = "Pods-session-ui.release.xcconfig"; path = "Target Support Files/Pods-session-ui/Pods-session-ui.release.xcconfig"; sourceTree = "<group>"; };
		739240EF3B6EFE3503780BC0 /* Pods_session_ui.framework */ = {isa = PBXFileReference; explicitFileType = wrapper.framework; includeInIndex = 0; path = Pods_session_ui.framework; sourceTree = BUILT_PRODUCTS_DIR; };
		A78409C82BE40BB0009FA73A /* NewDirectMessagesConversation.swift */ = {isa = PBXFileReference; lastKnownFileType = sourcecode.swift; path = NewDirectMessagesConversation.swift; sourceTree = "<group>"; };
		A78409CB2BE40D86009FA73A /* SettingsDisplayName.swift */ = {isa = PBXFileReference; lastKnownFileType = sourcecode.swift; path = SettingsDisplayName.swift; sourceTree = "<group>"; };
		A7B225C82BE3ECB500A1CF45 /* session-ui.app */ = {isa = PBXFileReference; explicitFileType = wrapper.application; includeInIndex = 0; path = "session-ui.app"; sourceTree = BUILT_PRODUCTS_DIR; };
		A7B225E22BE3ECE800A1CF45 /* SessionMessengerApp.swift */ = {isa = PBXFileReference; fileEncoding = 4; lastKnownFileType = sourcecode.swift; path = SessionMessengerApp.swift; sourceTree = "<group>"; };
		A7B225E32BE3ECE800A1CF45 /* Assets.xcassets */ = {isa = PBXFileReference; lastKnownFileType = folder.assetcatalog; path = Assets.xcassets; sourceTree = "<group>"; };
		A7B225E52BE3ECE800A1CF45 /* AESSecurity.swift */ = {isa = PBXFileReference; fileEncoding = 4; lastKnownFileType = sourcecode.swift; path = AESSecurity.swift; sourceTree = "<group>"; };
		A7B225E72BE3ECE800A1CF45 /* Data.swift */ = {isa = PBXFileReference; fileEncoding = 4; lastKnownFileType = sourcecode.swift; path = Data.swift; sourceTree = "<group>"; };
		A7B225E82BE3ECE800A1CF45 /* Errors.swift */ = {isa = PBXFileReference; fileEncoding = 4; lastKnownFileType = sourcecode.swift; path = Errors.swift; sourceTree = "<group>"; };
		A7B225E92BE3ECE800A1CF45 /* Color.swift */ = {isa = PBXFileReference; fileEncoding = 4; lastKnownFileType = sourcecode.swift; path = Color.swift; sourceTree = "<group>"; };
		A7B225EA2BE3ECE800A1CF45 /* QRCodes.swift */ = {isa = PBXFileReference; fileEncoding = 4; lastKnownFileType = sourcecode.swift; path = QRCodes.swift; sourceTree = "<group>"; };
		A7B225EC2BE3ECE800A1CF45 /* Constants.swift */ = {isa = PBXFileReference; fileEncoding = 4; lastKnownFileType = sourcecode.swift; path = Constants.swift; sourceTree = "<group>"; };
		A7B225ED2BE3ECE800A1CF45 /* StartLoginFlow.swift */ = {isa = PBXFileReference; fileEncoding = 4; lastKnownFileType = sourcecode.swift; path = StartLoginFlow.swift; sourceTree = "<group>"; };
		A7B225EE2BE3ECE800A1CF45 /* CheckLoginFlow.swift */ = {isa = PBXFileReference; fileEncoding = 4; lastKnownFileType = sourcecode.swift; path = CheckLoginFlow.swift; sourceTree = "<group>"; };
		A7B225F02BE3ECE800A1CF45 /* ConversationMessage.swift */ = {isa = PBXFileReference; fileEncoding = 4; lastKnownFileType = sourcecode.swift; path = ConversationMessage.swift; sourceTree = "<group>"; };
		A7B225F12BE3ECE800A1CF45 /* MessageInput.swift */ = {isa = PBXFileReference; fileEncoding = 4; lastKnownFileType = sourcecode.swift; path = MessageInput.swift; sourceTree = "<group>"; };
		A7B225F32BE3ECE800A1CF45 /* SessionLogo.swift */ = {isa = PBXFileReference; fileEncoding = 4; lastKnownFileType = sourcecode.swift; path = SessionLogo.swift; sourceTree = "<group>"; };
		A7B225F62BE3ECE800A1CF45 /* HomeScreen.swift */ = {isa = PBXFileReference; fileEncoding = 4; lastKnownFileType = sourcecode.swift; path = HomeScreen.swift; sourceTree = "<group>"; };
		A7B225F72BE3ECE800A1CF45 /* ConversationScreen.swift */ = {isa = PBXFileReference; fileEncoding = 4; lastKnownFileType = sourcecode.swift; path = ConversationScreen.swift; sourceTree = "<group>"; };
		A7B225F92BE3ECE800A1CF45 /* SignupScreen.swift */ = {isa = PBXFileReference; fileEncoding = 4; lastKnownFileType = sourcecode.swift; path = SignupScreen.swift; sourceTree = "<group>"; };
		A7B225FA2BE3ECE800A1CF45 /* SigninScreenModel.swift */ = {isa = PBXFileReference; fileEncoding = 4; lastKnownFileType = sourcecode.swift; path = SigninScreenModel.swift; sourceTree = "<group>"; };
		A7B225FB2BE3ECE800A1CF45 /* SigninScreen.swift */ = {isa = PBXFileReference; fileEncoding = 4; lastKnownFileType = sourcecode.swift; path = SigninScreen.swift; sourceTree = "<group>"; };
		A7B225FC2BE3ECE800A1CF45 /* LoginScreen.swift */ = {isa = PBXFileReference; fileEncoding = 4; lastKnownFileType = sourcecode.swift; path = LoginScreen.swift; sourceTree = "<group>"; };
		A7B225FD2BE3ECE800A1CF45 /* ContentView.swift */ = {isa = PBXFileReference; fileEncoding = 4; lastKnownFileType = sourcecode.swift; path = ContentView.swift; sourceTree = "<group>"; };
		A7B226142BE3F7BC00A1CF45 /* SettingsView.swift */ = {isa = PBXFileReference; lastKnownFileType = sourcecode.swift; path = SettingsView.swift; sourceTree = "<group>"; };
		A7B226172BE3F8AE00A1CF45 /* Localizable.xcstrings */ = {isa = PBXFileReference; lastKnownFileType = text.json.xcstrings; name = Localizable.xcstrings; path = "session-ui/Localizable.xcstrings"; sourceTree = "<group>"; };
		A7B226192BE3FBFC00A1CF45 /* NewConversationScreen.swift */ = {isa = PBXFileReference; lastKnownFileType = sourcecode.swift; path = NewConversationScreen.swift; sourceTree = "<group>"; };
		BAC41050F8478E903CABDBE2 /* Pods-session-ui.debug.xcconfig */ = {isa = PBXFileReference; includeInIndex = 1; lastKnownFileType = text.xcconfig; name = "Pods-session-ui.debug.xcconfig"; path = "Target Support Files/Pods-session-ui/Pods-session-ui.debug.xcconfig"; sourceTree = "<group>"; };
/* End PBXFileReference section */

/* Begin PBXFrameworksBuildPhase section */
		A7B225C52BE3ECB500A1CF45 /* Frameworks */ = {
			isa = PBXFrameworksBuildPhase;
			buildActionMask = 2147483647;
			files = (
				837C4B35BF28072B099A5CD9 /* Pods_session_ui.framework in Frameworks */,
			);
			runOnlyForDeploymentPostprocessing = 0;
		};
/* End PBXFrameworksBuildPhase section */

/* Begin PBXGroup section */
		76031E9704BAE01A7D35FAF6 /* Pods */ = {
			isa = PBXGroup;
			children = (
				BAC41050F8478E903CABDBE2 /* Pods-session-ui.debug.xcconfig */,
				526BAF0B6695DD09CAE8DF8F /* Pods-session-ui.release.xcconfig */,
			);
			path = Pods;
			sourceTree = "<group>";
		};
		A78409C52BE40B88009FA73A /* NewConversation */ = {
			isa = PBXGroup;
			children = (
				A7B226192BE3FBFC00A1CF45 /* NewConversationScreen.swift */,
				A78409C82BE40BB0009FA73A /* NewDirectMessagesConversation.swift */,
			);
			path = NewConversation;
			sourceTree = "<group>";
		};
		A78409CA2BE40D7A009FA73A /* Settings */ = {
			isa = PBXGroup;
			children = (
				A7B226142BE3F7BC00A1CF45 /* SettingsView.swift */,
				A78409CB2BE40D86009FA73A /* SettingsDisplayName.swift */,
			);
			path = Settings;
			sourceTree = "<group>";
		};
		A7B225BB2BE3ECB500A1CF45 = {
			isa = PBXGroup;
			children = (
				A7B226172BE3F8AE00A1CF45 /* Localizable.xcstrings */,
				A7B225E12BE3ECE800A1CF45 /* session-ui */,
				A7B225C32BE3ECB500A1CF45 /* Products */,
				76031E9704BAE01A7D35FAF6 /* Pods */,
				DD6A400118DB6B555C329D9E /* Frameworks */,
			);
			sourceTree = "<group>";
		};
		A7B225C32BE3ECB500A1CF45 /* Products */ = {
			isa = PBXGroup;
			children = (
				A7B225C82BE3ECB500A1CF45 /* session-ui.app */,
			);
			name = Products;
			sourceTree = "<group>";
		};
		A7B225E12BE3ECE800A1CF45 /* session-ui */ = {
			isa = PBXGroup;
			children = (
				A7B225E22BE3ECE800A1CF45 /* SessionMessengerApp.swift */,
				A7B225E32BE3ECE800A1CF45 /* Assets.xcassets */,
				A7B225E42BE3ECE800A1CF45 /* Shared */,
				A7B225EF2BE3ECE800A1CF45 /* Components */,
				A7B225F22BE3ECE800A1CF45 /* Icons */,
				A7B225F42BE3ECE800A1CF45 /* Screens */,
				A7B225FD2BE3ECE800A1CF45 /* ContentView.swift */,
			);
			path = "session-ui";
			sourceTree = "<group>";
		};
		A7B225E42BE3ECE800A1CF45 /* Shared */ = {
			isa = PBXGroup;
			children = (
				A7B225E52BE3ECE800A1CF45 /* AESSecurity.swift */,
				A7B225E62BE3ECE800A1CF45 /* SwiftExtensions */,
				A7B225EA2BE3ECE800A1CF45 /* QRCodes.swift */,
				A7B225EB2BE3ECE800A1CF45 /* API */,
			);
			path = Shared;
			sourceTree = "<group>";
		};
		A7B225E62BE3ECE800A1CF45 /* SwiftExtensions */ = {
			isa = PBXGroup;
			children = (
				A7B225E72BE3ECE800A1CF45 /* Data.swift */,
				A7B225E82BE3ECE800A1CF45 /* Errors.swift */,
				A7B225E92BE3ECE800A1CF45 /* Color.swift */,
			);
			path = SwiftExtensions;
			sourceTree = "<group>";
		};
		A7B225EB2BE3ECE800A1CF45 /* API */ = {
			isa = PBXGroup;
			children = (
				A7B225EC2BE3ECE800A1CF45 /* Constants.swift */,
				A7B225ED2BE3ECE800A1CF45 /* StartLoginFlow.swift */,
				A7B225EE2BE3ECE800A1CF45 /* CheckLoginFlow.swift */,
			);
			path = API;
			sourceTree = "<group>";
		};
		A7B225EF2BE3ECE800A1CF45 /* Components */ = {
			isa = PBXGroup;
			children = (
				A7B225F02BE3ECE800A1CF45 /* ConversationMessage.swift */,
				A7B225F12BE3ECE800A1CF45 /* MessageInput.swift */,
			);
			path = Components;
			sourceTree = "<group>";
		};
		A7B225F22BE3ECE800A1CF45 /* Icons */ = {
			isa = PBXGroup;
			children = (
				A7B225F32BE3ECE800A1CF45 /* SessionLogo.swift */,
			);
			path = Icons;
			sourceTree = "<group>";
		};
		A7B225F42BE3ECE800A1CF45 /* Screens */ = {
			isa = PBXGroup;
			children = (
				A7B225F62BE3ECE800A1CF45 /* HomeScreen.swift */,
				A7B225F82BE3ECE800A1CF45 /* Login */,
				A78409CA2BE40D7A009FA73A /* Settings */,
				A78409C52BE40B88009FA73A /* NewConversation */,
				A7B225F72BE3ECE800A1CF45 /* ConversationScreen.swift */,
			);
			path = Screens;
			sourceTree = "<group>";
		};
		A7B225F82BE3ECE800A1CF45 /* Login */ = {
			isa = PBXGroup;
			children = (
				A7B225F92BE3ECE800A1CF45 /* SignupScreen.swift */,
				A7B226162BE3F7F300A1CF45 /* SignIn */,
				A7B225FC2BE3ECE800A1CF45 /* LoginScreen.swift */,
			);
			path = Login;
			sourceTree = "<group>";
		};
		A7B226162BE3F7F300A1CF45 /* SignIn */ = {
			isa = PBXGroup;
			children = (
				A7B225FA2BE3ECE800A1CF45 /* SigninScreenModel.swift */,
				A7B225FB2BE3ECE800A1CF45 /* SigninScreen.swift */,
			);
			path = SignIn;
			sourceTree = "<group>";
		};
		DD6A400118DB6B555C329D9E /* Frameworks */ = {
			isa = PBXGroup;
			children = (
				739240EF3B6EFE3503780BC0 /* Pods_session_ui.framework */,
			);
			name = Frameworks;
			sourceTree = "<group>";
		};
/* End PBXGroup section */

/* Begin PBXNativeTarget section */
		A7B225C72BE3ECB500A1CF45 /* session-ui */ = {
			isa = PBXNativeTarget;
			buildConfigurationList = A7B225D82BE3ECB600A1CF45 /* Build configuration list for PBXNativeTarget "session-ui" */;
			buildPhases = (
				72E113FF7402F6257D9DD4DE /* [CP] Check Pods Manifest.lock */,
				A7B225C42BE3ECB500A1CF45 /* Sources */,
				A7B225C52BE3ECB500A1CF45 /* Frameworks */,
				A7B225C62BE3ECB500A1CF45 /* Resources */,
				24988F4B76A0401840A96311 /* [CP] Embed Pods Frameworks */,
			);
			buildRules = (
			);
			dependencies = (
			);
			name = "session-ui";
			productName = "session-watchos Watch App";
			productReference = A7B225C82BE3ECB500A1CF45 /* session-ui.app */;
			productType = "com.apple.product-type.application";
		};
/* End PBXNativeTarget section */

/* Begin PBXProject section */
		A7B225BC2BE3ECB500A1CF45 /* Project object */ = {
			isa = PBXProject;
			attributes = {
				BuildIndependentTargetsInParallel = 1;
				LastSwiftUpdateCheck = 1500;
				LastUpgradeCheck = 1500;
				TargetAttributes = {
					A7B225C72BE3ECB500A1CF45 = {
						CreatedOnToolsVersion = 15.0.1;
					};
				};
			};
			buildConfigurationList = A7B225BF2BE3ECB500A1CF45 /* Build configuration list for PBXProject "session-watchos" */;
			compatibilityVersion = "Xcode 14.0";
			developmentRegion = en;
			hasScannedForEncodings = 0;
			knownRegions = (
				en,
				Base,
				ru,
			);
			mainGroup = A7B225BB2BE3ECB500A1CF45;
			productRefGroup = A7B225C32BE3ECB500A1CF45 /* Products */;
			projectDirPath = "";
			projectRoot = "";
			targets = (
				A7B225C72BE3ECB500A1CF45 /* session-ui */,
			);
		};
/* End PBXProject section */

/* Begin PBXResourcesBuildPhase section */
		A7B225C62BE3ECB500A1CF45 /* Resources */ = {
			isa = PBXResourcesBuildPhase;
			buildActionMask = 2147483647;
			files = (
				A7B2261B2BE401BD00A1CF45 /* Assets.xcassets in Resources */,
				A7B226182BE3F8AE00A1CF45 /* Localizable.xcstrings in Resources */,
			);
			runOnlyForDeploymentPostprocessing = 0;
		};
/* End PBXResourcesBuildPhase section */

/* Begin PBXShellScriptBuildPhase section */
		24988F4B76A0401840A96311 /* [CP] Embed Pods Frameworks */ = {
			isa = PBXShellScriptBuildPhase;
			buildActionMask = 2147483647;
			files = (
			);
			inputFileListPaths = (
				"${PODS_ROOT}/Target Support Files/Pods-session-ui/Pods-session-ui-frameworks-${CONFIGURATION}-input-files.xcfilelist",
			);
			name = "[CP] Embed Pods Frameworks";
			outputFileListPaths = (
				"${PODS_ROOT}/Target Support Files/Pods-session-ui/Pods-session-ui-frameworks-${CONFIGURATION}-output-files.xcfilelist",
			);
			runOnlyForDeploymentPostprocessing = 0;
			shellPath = /bin/sh;
			shellScript = "\"${PODS_ROOT}/Target Support Files/Pods-session-ui/Pods-session-ui-frameworks.sh\"\n";
			showEnvVarsInLog = 0;
		};
		72E113FF7402F6257D9DD4DE /* [CP] Check Pods Manifest.lock */ = {
			isa = PBXShellScriptBuildPhase;
			buildActionMask = 2147483647;
			files = (
			);
			inputFileListPaths = (
			);
			inputPaths = (
				"${PODS_PODFILE_DIR_PATH}/Podfile.lock",
				"${PODS_ROOT}/Manifest.lock",
			);
			name = "[CP] Check Pods Manifest.lock";
			outputFileListPaths = (
			);
			outputPaths = (
				"$(DERIVED_FILE_DIR)/Pods-session-ui-checkManifestLockResult.txt",
			);
			runOnlyForDeploymentPostprocessing = 0;
			shellPath = /bin/sh;
			shellScript = "diff \"${PODS_PODFILE_DIR_PATH}/Podfile.lock\" \"${PODS_ROOT}/Manifest.lock\" > /dev/null\nif [ $? != 0 ] ; then\n    # print error to STDERR\n    echo \"error: The sandbox is not in sync with the Podfile.lock. Run 'pod install' or update your CocoaPods installation.\" >&2\n    exit 1\nfi\n# This output is used by Xcode 'outputs' to avoid re-running this script phase.\necho \"SUCCESS\" > \"${SCRIPT_OUTPUT_FILE_0}\"\n";
			showEnvVarsInLog = 0;
		};
/* End PBXShellScriptBuildPhase section */

/* Begin PBXSourcesBuildPhase section */
		A7B225C42BE3ECB500A1CF45 /* Sources */ = {
			isa = PBXSourcesBuildPhase;
			buildActionMask = 2147483647;
			files = (
				A7B226022BE3EDD300A1CF45 /* AESSecurity.swift in Sources */,
				A7B226032BE3EDD300A1CF45 /* Data.swift in Sources */,
				A7B226042BE3EDD300A1CF45 /* Errors.swift in Sources */,
				A7B226052BE3EDD300A1CF45 /* Color.swift in Sources */,
				A7B2261A2BE3FBFC00A1CF45 /* NewConversationScreen.swift in Sources */,
				A7B226062BE3EDD300A1CF45 /* QRCodes.swift in Sources */,
				A7B226152BE3F7BC00A1CF45 /* SettingsView.swift in Sources */,
				A7B226072BE3EDD300A1CF45 /* Constants.swift in Sources */,
				A7B226082BE3EDD300A1CF45 /* StartLoginFlow.swift in Sources */,
				A7B226092BE3EDD300A1CF45 /* CheckLoginFlow.swift in Sources */,
				A7B2260A2BE3EDD300A1CF45 /* ConversationMessage.swift in Sources */,
				A7B2260B2BE3EDD300A1CF45 /* MessageInput.swift in Sources */,
				A7B2260C2BE3EDD300A1CF45 /* SessionLogo.swift in Sources */,
				A78409CC2BE40D86009FA73A /* SettingsDisplayName.swift in Sources */,
				A7B2260D2BE3EDD300A1CF45 /* HomeScreen.swift in Sources */,
				A7B2260E2BE3EDD300A1CF45 /* ConversationScreen.swift in Sources */,
				A7B2260F2BE3EDD300A1CF45 /* SignupScreen.swift in Sources */,
				A7B226102BE3EDD300A1CF45 /* SigninScreenModel.swift in Sources */,
				A7B226112BE3EDD300A1CF45 /* SigninScreen.swift in Sources */,
				A78409C92BE40BB0009FA73A /* NewDirectMessagesConversation.swift in Sources */,
				A7B226122BE3EDD300A1CF45 /* LoginScreen.swift in Sources */,
				A7B226132BE3EDD300A1CF45 /* ContentView.swift in Sources */,
				A7B226012BE3ED1700A1CF45 /* SessionMessengerApp.swift in Sources */,
			);
			runOnlyForDeploymentPostprocessing = 0;
		};
/* End PBXSourcesBuildPhase section */

/* Begin XCBuildConfiguration section */
		A7B225D62BE3ECB600A1CF45 /* Debug */ = {
			isa = XCBuildConfiguration;
			buildSettings = {
				ALWAYS_SEARCH_USER_PATHS = NO;
				ASSETCATALOG_COMPILER_GENERATE_SWIFT_ASSET_SYMBOL_EXTENSIONS = YES;
				CLANG_ANALYZER_NONNULL = YES;
				CLANG_ANALYZER_NUMBER_OBJECT_CONVERSION = YES_AGGRESSIVE;
				CLANG_CXX_LANGUAGE_STANDARD = "gnu++20";
				CLANG_ENABLE_MODULES = YES;
				CLANG_ENABLE_OBJC_ARC = YES;
				CLANG_ENABLE_OBJC_WEAK = YES;
				CLANG_WARN_BLOCK_CAPTURE_AUTORELEASING = YES;
				CLANG_WARN_BOOL_CONVERSION = YES;
				CLANG_WARN_COMMA = YES;
				CLANG_WARN_CONSTANT_CONVERSION = YES;
				CLANG_WARN_DEPRECATED_OBJC_IMPLEMENTATIONS = YES;
				CLANG_WARN_DIRECT_OBJC_ISA_USAGE = YES_ERROR;
				CLANG_WARN_DOCUMENTATION_COMMENTS = YES;
				CLANG_WARN_EMPTY_BODY = YES;
				CLANG_WARN_ENUM_CONVERSION = YES;
				CLANG_WARN_INFINITE_RECURSION = YES;
				CLANG_WARN_INT_CONVERSION = YES;
				CLANG_WARN_NON_LITERAL_NULL_CONVERSION = YES;
				CLANG_WARN_OBJC_IMPLICIT_RETAIN_SELF = YES;
				CLANG_WARN_OBJC_LITERAL_CONVERSION = YES;
				CLANG_WARN_OBJC_ROOT_CLASS = YES_ERROR;
				CLANG_WARN_QUOTED_INCLUDE_IN_FRAMEWORK_HEADER = YES;
				CLANG_WARN_RANGE_LOOP_ANALYSIS = YES;
				CLANG_WARN_STRICT_PROTOTYPES = YES;
				CLANG_WARN_SUSPICIOUS_MOVE = YES;
				CLANG_WARN_UNGUARDED_AVAILABILITY = YES_AGGRESSIVE;
				CLANG_WARN_UNREACHABLE_CODE = YES;
				CLANG_WARN__DUPLICATE_METHOD_MATCH = YES;
				COPY_PHASE_STRIP = NO;
				DEBUG_INFORMATION_FORMAT = dwarf;
				ENABLE_STRICT_OBJC_MSGSEND = YES;
				ENABLE_TESTABILITY = YES;
				ENABLE_USER_SCRIPT_SANDBOXING = YES;
				GCC_C_LANGUAGE_STANDARD = gnu17;
				GCC_DYNAMIC_NO_PIC = NO;
				GCC_NO_COMMON_BLOCKS = YES;
				GCC_OPTIMIZATION_LEVEL = 0;
				GCC_PREPROCESSOR_DEFINITIONS = (
					"DEBUG=1",
					"$(inherited)",
				);
				GCC_WARN_64_TO_32_BIT_CONVERSION = YES;
				GCC_WARN_ABOUT_RETURN_TYPE = YES_ERROR;
				GCC_WARN_UNDECLARED_SELECTOR = YES;
				GCC_WARN_UNINITIALIZED_AUTOS = YES_AGGRESSIVE;
				GCC_WARN_UNUSED_FUNCTION = YES;
				GCC_WARN_UNUSED_VARIABLE = YES;
				LOCALIZATION_PREFERS_STRING_CATALOGS = YES;
				MTL_ENABLE_DEBUG_INFO = INCLUDE_SOURCE;
				MTL_FAST_MATH = YES;
				ONLY_ACTIVE_ARCH = YES;
				SWIFT_ACTIVE_COMPILATION_CONDITIONS = "DEBUG $(inherited)";
				SWIFT_OPTIMIZATION_LEVEL = "-Onone";
			};
			name = Debug;
		};
		A7B225D72BE3ECB600A1CF45 /* Release */ = {
			isa = XCBuildConfiguration;
			buildSettings = {
				ALWAYS_SEARCH_USER_PATHS = NO;
				ASSETCATALOG_COMPILER_GENERATE_SWIFT_ASSET_SYMBOL_EXTENSIONS = YES;
				CLANG_ANALYZER_NONNULL = YES;
				CLANG_ANALYZER_NUMBER_OBJECT_CONVERSION = YES_AGGRESSIVE;
				CLANG_CXX_LANGUAGE_STANDARD = "gnu++20";
				CLANG_ENABLE_MODULES = YES;
				CLANG_ENABLE_OBJC_ARC = YES;
				CLANG_ENABLE_OBJC_WEAK = YES;
				CLANG_WARN_BLOCK_CAPTURE_AUTORELEASING = YES;
				CLANG_WARN_BOOL_CONVERSION = YES;
				CLANG_WARN_COMMA = YES;
				CLANG_WARN_CONSTANT_CONVERSION = YES;
				CLANG_WARN_DEPRECATED_OBJC_IMPLEMENTATIONS = YES;
				CLANG_WARN_DIRECT_OBJC_ISA_USAGE = YES_ERROR;
				CLANG_WARN_DOCUMENTATION_COMMENTS = YES;
				CLANG_WARN_EMPTY_BODY = YES;
				CLANG_WARN_ENUM_CONVERSION = YES;
				CLANG_WARN_INFINITE_RECURSION = YES;
				CLANG_WARN_INT_CONVERSION = YES;
				CLANG_WARN_NON_LITERAL_NULL_CONVERSION = YES;
				CLANG_WARN_OBJC_IMPLICIT_RETAIN_SELF = YES;
				CLANG_WARN_OBJC_LITERAL_CONVERSION = YES;
				CLANG_WARN_OBJC_ROOT_CLASS = YES_ERROR;
				CLANG_WARN_QUOTED_INCLUDE_IN_FRAMEWORK_HEADER = YES;
				CLANG_WARN_RANGE_LOOP_ANALYSIS = YES;
				CLANG_WARN_STRICT_PROTOTYPES = YES;
				CLANG_WARN_SUSPICIOUS_MOVE = YES;
				CLANG_WARN_UNGUARDED_AVAILABILITY = YES_AGGRESSIVE;
				CLANG_WARN_UNREACHABLE_CODE = YES;
				CLANG_WARN__DUPLICATE_METHOD_MATCH = YES;
				COPY_PHASE_STRIP = NO;
				DEBUG_INFORMATION_FORMAT = "dwarf-with-dsym";
				ENABLE_NS_ASSERTIONS = NO;
				ENABLE_STRICT_OBJC_MSGSEND = YES;
				ENABLE_USER_SCRIPT_SANDBOXING = YES;
				GCC_C_LANGUAGE_STANDARD = gnu17;
				GCC_NO_COMMON_BLOCKS = YES;
				GCC_WARN_64_TO_32_BIT_CONVERSION = YES;
				GCC_WARN_ABOUT_RETURN_TYPE = YES_ERROR;
				GCC_WARN_UNDECLARED_SELECTOR = YES;
				GCC_WARN_UNINITIALIZED_AUTOS = YES_AGGRESSIVE;
				GCC_WARN_UNUSED_FUNCTION = YES;
				GCC_WARN_UNUSED_VARIABLE = YES;
				LOCALIZATION_PREFERS_STRING_CATALOGS = YES;
				MTL_ENABLE_DEBUG_INFO = NO;
				MTL_FAST_MATH = YES;
				SWIFT_COMPILATION_MODE = wholemodule;
			};
			name = Release;
		};
		A7B225D92BE3ECB600A1CF45 /* Debug */ = {
			isa = XCBuildConfiguration;
			baseConfigurationReference = BAC41050F8478E903CABDBE2 /* Pods-session-ui.debug.xcconfig */;
			buildSettings = {
				ASSETCATALOG_COMPILER_APPICON_NAME = AppIcon;
				ASSETCATALOG_COMPILER_GLOBAL_ACCENT_COLOR_NAME = AccentColor;
				CODE_SIGN_STYLE = Automatic;
				CURRENT_PROJECT_VERSION = 1;
				DEVELOPMENT_ASSET_PATHS = "\"session-ui/Preview Content\"";
				DEVELOPMENT_TEAM = 5QP6XSDPFK;
				ENABLE_PREVIEWS = YES;
				ENABLE_USER_SCRIPT_SANDBOXING = NO;
				GENERATE_INFOPLIST_FILE = YES;
				INFOPLIST_KEY_CFBundleDisplayName = "session-watchos";
				INFOPLIST_KEY_UISupportedInterfaceOrientations = "UIInterfaceOrientationPortrait UIInterfaceOrientationPortraitUpsideDown";
				INFOPLIST_KEY_WKWatchOnly = YES;
				LD_RUNPATH_SEARCH_PATHS = (
					"$(inherited)",
					"@executable_path/Frameworks",
				);
				MARKETING_VERSION = 1.0;
				PRODUCT_BUNDLE_IDENTIFIER = "dev.hloth.session-watchos.watchkitapp";
				PRODUCT_NAME = "$(TARGET_NAME)";
				SDKROOT = watchos;
				SKIP_INSTALL = YES;
				SWIFT_EMIT_LOC_STRINGS = YES;
				SWIFT_VERSION = 5.0;
				TARGETED_DEVICE_FAMILY = 4;
				WATCHOS_DEPLOYMENT_TARGET = 10.0;
			};
			name = Debug;
		};
		A7B225DA2BE3ECB600A1CF45 /* Release */ = {
			isa = XCBuildConfiguration;
			baseConfigurationReference = 526BAF0B6695DD09CAE8DF8F /* Pods-session-ui.release.xcconfig */;
			buildSettings = {
				ASSETCATALOG_COMPILER_APPICON_NAME = AppIcon;
				ASSETCATALOG_COMPILER_GLOBAL_ACCENT_COLOR_NAME = AccentColor;
				CODE_SIGN_STYLE = Automatic;
				CURRENT_PROJECT_VERSION = 1;
				DEVELOPMENT_ASSET_PATHS = "\"session-ui/Preview Content\"";
				DEVELOPMENT_TEAM = 5QP6XSDPFK;
				ENABLE_PREVIEWS = YES;
				ENABLE_USER_SCRIPT_SANDBOXING = NO;
				GENERATE_INFOPLIST_FILE = YES;
				INFOPLIST_KEY_CFBundleDisplayName = "session-watchos";
				INFOPLIST_KEY_UISupportedInterfaceOrientations = "UIInterfaceOrientationPortrait UIInterfaceOrientationPortraitUpsideDown";
				INFOPLIST_KEY_WKWatchOnly = YES;
				LD_RUNPATH_SEARCH_PATHS = (
					"$(inherited)",
					"@executable_path/Frameworks",
				);
				MARKETING_VERSION = 1.0;
				PRODUCT_BUNDLE_IDENTIFIER = "dev.hloth.session-watchos.watchkitapp";
				PRODUCT_NAME = "$(TARGET_NAME)";
				SDKROOT = watchos;
				SKIP_INSTALL = YES;
				SWIFT_EMIT_LOC_STRINGS = YES;
				SWIFT_VERSION = 5.0;
				TARGETED_DEVICE_FAMILY = 4;
				VALIDATE_PRODUCT = YES;
				WATCHOS_DEPLOYMENT_TARGET = 10.0;
			};
			name = Release;
		};
/* End XCBuildConfiguration section */

/* Begin XCConfigurationList section */
		A7B225BF2BE3ECB500A1CF45 /* Build configuration list for PBXProject "session-watchos" */ = {
			isa = XCConfigurationList;
			buildConfigurations = (
				A7B225D62BE3ECB600A1CF45 /* Debug */,
				A7B225D72BE3ECB600A1CF45 /* Release */,
			);
			defaultConfigurationIsVisible = 0;
			defaultConfigurationName = Release;
		};
		A7B225D82BE3ECB600A1CF45 /* Build configuration list for PBXNativeTarget "session-ui" */ = {
			isa = XCConfigurationList;
			buildConfigurations = (
				A7B225D92BE3ECB600A1CF45 /* Debug */,
				A7B225DA2BE3ECB600A1CF45 /* Release */,
			);
			defaultConfigurationIsVisible = 0;
			defaultConfigurationName = Release;
		};
/* End XCConfigurationList section */
	};
	rootObject = A7B225BC2BE3ECB500A1CF45 /* Project object */;
}
